
Microsoft Visual Studio Solution File, Format Version 12.00
# Visual Studio Version 16
VisualStudioVersion = 16.0.31702.278
MinimumVisualStudioVersion = 10.0.40219.1
Project("{FAE04EC0-301F-11D3-BF4B-00C04F79EFBC}") = "Vendas", "Vendas\Vendas.csproj", "{1380DDE8-E10E-492D-AAF7-70E1A42139C9}"
EndProject
Global
	GlobalSection(SolutionConfigurationPlatforms) = preSolution
		Debug|Any CPU = Debug|Any CPU
		Release|Any CPU = Release|Any CPU
	EndGlobalSection
	GlobalSection(ProjectConfigurationPlatforms) = postSolution
		{1380DDE8-E10E-492D-AAF7-70E1A42139C9}.Debug|Any CPU.ActiveCfg = Debug|Any CPU
		{1380DDE8-E10E-492D-AAF7-70E1A42139C9}.Debug|Any CPU.Build.0 = Debug|Any CPU
		{1380DDE8-E10E-492D-AAF7-70E1A42139C9}.Release|Any CPU.ActiveCfg = Release|Any CPU
		{1380DDE8-E10E-492D-AAF7-70E1A42139C9}.Release|Any CPU.Build.0 = Release|Any CPU
	EndGlobalSection
	GlobalSection(SolutionProperties) = preSolution
		HideSolutionNode = FALSE
	EndGlobalSection
	GlobalSection(ExtensibilityGlobals) = postSolution
		SolutionGuid = {028BE308-FF77-4BB8-9D81-57A1E484C8E8}
	EndGlobalSection
EndGlobal
